
Microsoft Visual Studio Solution File, Format Version 12.00
# Visual Studio Version 16
VisualStudioVersion = 16.0.29613.14
MinimumVisualStudioVersion = 10.0.40219.1
Project("{FAE04EC0-301F-11D3-BF4B-00C04F79EFBC}") = "HiddenVilla_Server", "HiddenVilla_Server\HiddenVilla_Server.csproj", "{7A5B15E0-D8B5-4A74-8C7C-85495F6A12BE}"
EndProject
Global
	GlobalSection(SolutionConfigurationPlatforms) = preSolution
		Debug|Any CPU = Debug|Any CPU
		Release|Any CPU = Release|Any CPU
	EndGlobalSection
	GlobalSection(ProjectConfigurationPlatforms) = postSolution
		{7A5B15E0-D8B5-4A74-8C7C-85495F6A12BE}.Debug|Any CPU.ActiveCfg = Debug|Any CPU
		{7A5B15E0-D8B5-4A74-8C7C-85495F6A12BE}.Debug|Any CPU.Build.0 = Debug|Any CPU
		{7A5B15E0-D8B5-4A74-8C7C-85495F6A12BE}.Release|Any CPU.ActiveCfg = Release|Any CPU
		{7A5B15E0-D8B5-4A74-8C7C-85495F6A12BE}.Release|Any CPU.Build.0 = Release|Any CPU
	EndGlobalSection
	GlobalSection(SolutionProperties) = preSolution
		HideSolutionNode = FALSE
	EndGlobalSection
	GlobalSection(ExtensibilityGlobals) = postSolution
		SolutionGuid = {224B2E59-293B-4F80-9DD6-525D123037F3}
	EndGlobalSection
EndGlobal
